
Microsoft Visual Studio Solution File, Format Version 12.00
# Visual Studio Version 16
VisualStudioVersion = 16.0.31624.102
MinimumVisualStudioVersion = 10.0.40219.1
Project("{9A19103F-16F7-4668-BE54-9A1E7A4F7556}") = "Singletonskaya_lab4", "Singletonskaya_lab4.csproj", "{8C59C5F7-3C1C-4DBC-88D9-0D565D5385E4}"
EndProject
Project("{FAE04EC0-301F-11D3-BF4B-00C04F79EFBC}") = "TestProject1", "..\TestProject1\TestProject1.csproj", "{DD9406AB-D2DE-4380-93B2-B7B2AE1846BB}"
	ProjectSection(ProjectDependencies) = postProject
		{8C59C5F7-3C1C-4DBC-88D9-0D565D5385E4} = {8C59C5F7-3C1C-4DBC-88D9-0D565D5385E4}
	EndProjectSection
EndProject
Global
	GlobalSection(SolutionConfigurationPlatforms) = preSolution
		Debug|Any CPU = Debug|Any CPU
		Release|Any CPU = Release|Any CPU
	EndGlobalSection
	GlobalSection(ProjectConfigurationPlatforms) = postSolution
		{8C59C5F7-3C1C-4DBC-88D9-0D565D5385E4}.Debug|Any CPU.ActiveCfg = Debug|Any CPU
		{8C59C5F7-3C1C-4DBC-88D9-0D565D5385E4}.Debug|Any CPU.Build.0 = Debug|Any CPU
		{8C59C5F7-3C1C-4DBC-88D9-0D565D5385E4}.Release|Any CPU.ActiveCfg = Release|Any CPU
		{8C59C5F7-3C1C-4DBC-88D9-0D565D5385E4}.Release|Any CPU.Build.0 = Release|Any CPU
		{DD9406AB-D2DE-4380-93B2-B7B2AE1846BB}.Debug|Any CPU.ActiveCfg = Debug|Any CPU
		{DD9406AB-D2DE-4380-93B2-B7B2AE1846BB}.Debug|Any CPU.Build.0 = Debug|Any CPU
		{DD9406AB-D2DE-4380-93B2-B7B2AE1846BB}.Release|Any CPU.ActiveCfg = Release|Any CPU
		{DD9406AB-D2DE-4380-93B2-B7B2AE1846BB}.Release|Any CPU.Build.0 = Release|Any CPU
	EndGlobalSection
	GlobalSection(SolutionProperties) = preSolution
		HideSolutionNode = FALSE
	EndGlobalSection
	GlobalSection(ExtensibilityGlobals) = postSolution
		SolutionGuid = {3C5441FA-A445-4F0A-A8B9-B8DF8AD1CA85}
	EndGlobalSection
EndGlobal
